
Microsoft Visual Studio Solution File, Format Version 12.00
# Visual Studio 15
VisualStudioVersion = 15.0.27004.2010
MinimumVisualStudioVersion = 10.0.40219.1
Project("{FAE04EC0-301F-11D3-BF4B-00C04F79EFBC}") = "SearchingDataTableServerSide", "SearchingDataTableServerSide\SearchingDataTableServerSide.csproj", "{370D9D7D-CC82-45BF-8AF6-7B63E0517B32}"
EndProject
Global
	GlobalSection(SolutionConfigurationPlatforms) = preSolution
		Debug|Any CPU = Debug|Any CPU
		Release|Any CPU = Release|Any CPU
	EndGlobalSection
	GlobalSection(ProjectConfigurationPlatforms) = postSolution
		{370D9D7D-CC82-45BF-8AF6-7B63E0517B32}.Debug|Any CPU.ActiveCfg = Debug|Any CPU
		{370D9D7D-CC82-45BF-8AF6-7B63E0517B32}.Debug|Any CPU.Build.0 = Debug|Any CPU
		{370D9D7D-CC82-45BF-8AF6-7B63E0517B32}.Release|Any CPU.ActiveCfg = Release|Any CPU
		{370D9D7D-CC82-45BF-8AF6-7B63E0517B32}.Release|Any CPU.Build.0 = Release|Any CPU
	EndGlobalSection
	GlobalSection(SolutionProperties) = preSolution
		HideSolutionNode = FALSE
	EndGlobalSection
	GlobalSection(ExtensibilityGlobals) = postSolution
		SolutionGuid = {D1CFC7D0-41FE-45E1-917D-593440D9ADAF}
	EndGlobalSection
EndGlobal
