
Microsoft Visual Studio Solution File, Format Version 12.00
# Visual Studio 14
VisualStudioVersion = 14.0.25420.1
MinimumVisualStudioVersion = 10.0.40219.1
Project("{FAE04EC0-301F-11D3-BF4B-00C04F79EFBC}") = "AttribueRoutingExample", "AttribueRoutingExample\AttribueRoutingExample.csproj", "{EFFBBE23-A557-4216-B6DE-07E89EFCE12C}"
EndProject
Global
	GlobalSection(SolutionConfigurationPlatforms) = preSolution
		Debug|Any CPU = Debug|Any CPU
		Release|Any CPU = Release|Any CPU
	EndGlobalSection
	GlobalSection(ProjectConfigurationPlatforms) = postSolution
		{EFFBBE23-A557-4216-B6DE-07E89EFCE12C}.Debug|Any CPU.ActiveCfg = Debug|Any CPU
		{EFFBBE23-A557-4216-B6DE-07E89EFCE12C}.Debug|Any CPU.Build.0 = Debug|Any CPU
		{EFFBBE23-A557-4216-B6DE-07E89EFCE12C}.Release|Any CPU.ActiveCfg = Release|Any CPU
		{EFFBBE23-A557-4216-B6DE-07E89EFCE12C}.Release|Any CPU.Build.0 = Release|Any CPU
	EndGlobalSection
	GlobalSection(SolutionProperties) = preSolution
		HideSolutionNode = FALSE
	EndGlobalSection
EndGlobal
